
Microsoft Visual Studio Solution File, Format Version 12.00
# Visual Studio Version 16
VisualStudioVersion = 16.0.31313.79
MinimumVisualStudioVersion = 10.0.40219.1
Project("{9A19103F-16F7-4668-BE54-9A1E7A4F7556}") = "lagranja.api", "lagranja.api\lagranja.api.csproj", "{50F51D1E-AB16-4A42-8555-F23455556B19}"
EndProject
Global
	GlobalSection(SolutionConfigurationPlatforms) = preSolution
		Debug|Any CPU = Debug|Any CPU
		Release|Any CPU = Release|Any CPU
	EndGlobalSection
	GlobalSection(ProjectConfigurationPlatforms) = postSolution
		{50F51D1E-AB16-4A42-8555-F23455556B19}.Debug|Any CPU.ActiveCfg = Debug|Any CPU
		{50F51D1E-AB16-4A42-8555-F23455556B19}.Debug|Any CPU.Build.0 = Debug|Any CPU
		{50F51D1E-AB16-4A42-8555-F23455556B19}.Release|Any CPU.ActiveCfg = Release|Any CPU
		{50F51D1E-AB16-4A42-8555-F23455556B19}.Release|Any CPU.Build.0 = Release|Any CPU
	EndGlobalSection
	GlobalSection(SolutionProperties) = preSolution
		HideSolutionNode = FALSE
	EndGlobalSection
	GlobalSection(ExtensibilityGlobals) = postSolution
		SolutionGuid = {D9CF3913-8978-4FDB-9F30-6FA9C5E52727}
	EndGlobalSection
EndGlobal
